
Microsoft Visual Studio Solution File, Format Version 12.00
# Visual Studio 14
VisualStudioVersion = 14.0.25420.1
MinimumVisualStudioVersion = 10.0.40219.1
Project("{FAE04EC0-301F-11D3-BF4B-00C04F79EFBC}") = "GisBusted", "GisBusted.csproj", "{E9F9A897-332D-4B37-96C5-7F134BE4BBB6}"
	ProjectSection(ProjectDependencies) = postProject
		{EE1DC57A-344A-4B0A-82CE-5FD328C14894} = {EE1DC57A-344A-4B0A-82CE-5FD328C14894}
		{4C235092-820C-4DEB-9074-D356FB797D8B} = {4C235092-820C-4DEB-9074-D356FB797D8B}
	EndProjectSection
EndProject
Project("{FAE04EC0-301F-11D3-BF4B-00C04F79EFBC}") = "Microsoft.Xades", "Microsoft.Xades\Microsoft.Xades.csproj", "{EE1DC57A-344A-4B0A-82CE-5FD328C14894}"
EndProject
Project("{FAE04EC0-301F-11D3-BF4B-00C04F79EFBC}") = "BouncyCastle", "BouncyCastle\BouncyCastle.csproj", "{4C235092-820C-4DEB-9074-D356FB797D8B}"
EndProject
Global
	GlobalSection(SolutionConfigurationPlatforms) = preSolution
		Debug|Any CPU = Debug|Any CPU
		Release|Any CPU = Release|Any CPU
	EndGlobalSection
	GlobalSection(ProjectConfigurationPlatforms) = postSolution
		{E9F9A897-332D-4B37-96C5-7F134BE4BBB6}.Debug|Any CPU.ActiveCfg = Debug|Any CPU
		{E9F9A897-332D-4B37-96C5-7F134BE4BBB6}.Debug|Any CPU.Build.0 = Debug|Any CPU
		{E9F9A897-332D-4B37-96C5-7F134BE4BBB6}.Release|Any CPU.ActiveCfg = Release|Any CPU
		{E9F9A897-332D-4B37-96C5-7F134BE4BBB6}.Release|Any CPU.Build.0 = Release|Any CPU
		{EE1DC57A-344A-4B0A-82CE-5FD328C14894}.Debug|Any CPU.ActiveCfg = Debug|Any CPU
		{EE1DC57A-344A-4B0A-82CE-5FD328C14894}.Debug|Any CPU.Build.0 = Debug|Any CPU
		{EE1DC57A-344A-4B0A-82CE-5FD328C14894}.Release|Any CPU.ActiveCfg = Release|Any CPU
		{EE1DC57A-344A-4B0A-82CE-5FD328C14894}.Release|Any CPU.Build.0 = Release|Any CPU
		{4C235092-820C-4DEB-9074-D356FB797D8B}.Debug|Any CPU.ActiveCfg = Debug|Any CPU
		{4C235092-820C-4DEB-9074-D356FB797D8B}.Debug|Any CPU.Build.0 = Debug|Any CPU
		{4C235092-820C-4DEB-9074-D356FB797D8B}.Release|Any CPU.ActiveCfg = Release|Any CPU
		{4C235092-820C-4DEB-9074-D356FB797D8B}.Release|Any CPU.Build.0 = Release|Any CPU
	EndGlobalSection
	GlobalSection(SolutionProperties) = preSolution
		HideSolutionNode = FALSE
	EndGlobalSection
EndGlobal
